<Solution>
  <Folder Name="/Microservices/" />
  <Folder Name="/Microservices/Users/">
    <Project Path="Users/src/Users.API/Users.API.csproj" Id="066dfb9e-d3e1-4c1b-8d88-c4d75e81b709" />
    <Project Path="Users/src/Users.Contracts/Users.Contracts.csproj" Id="a92fa8d7-4066-497d-b25a-bbf3252a6bf5" />
    <Project Path="Users/src/Users.Domain/Users.Domain.csproj" Id="e5793c0c-7a14-4b12-9004-cd1fc60aa4f5" />
  </Folder>
  <Folder Name="/SharedLibs/" />
  <Folder Name="/Solution Items/">
    <File Path=".gitignore" />
    <File Path="docker-compose.yml" />
    <File Path="README.md" />
  </Folder>
</Solution>
