<Solution>
  <Folder Name="/AutoTests/" />
  <Folder Name="/Solution Items/">
    <File Path="../.gitignore" />
    <File Path="../docker-compose.yml" />
    <File Path="../README.md" />
  </Folder>
  <Folder Name="/src/" />
  <Folder Name="/src/Application/" />
  <Folder Name="/src/Application/Business/">
    <Project Path="Application/EventManager.Handlers/EventManager.Handlers.csproj" Id="652bb767-1b45-4e31-b169-8c482bc821ba" />
    <Project Path="Application/EventsManager.Services/EventManager.Services.csproj" />
  </Folder>
  <Folder Name="/src/Application/Data/">
    <Project Path="Application/EventManager.DataAccess.Abstractions/EventManager.Repositories.csproj" Id="df1717e6-f5c0-4aa5-8a22-358fb5374fc1" />
  </Folder>
  <Folder Name="/src/Domain/">
    <Project Path="Domain/EventManager.Domain/EventManager.Domain.csproj" />
  </Folder>
  <Folder Name="/src/Infrastructure/">
    <Project Path="Infrastructure/EventManager.DataAccess.PostgreSQL/EventManager.Infrastructure.PostgreSQL.csproj" />
  </Folder>
  <Folder Name="/src/Presentation/">
    <Project Path="Presentation/EventManager.API/EventManager.API.csproj" />
    <Project Path="Presentation/EventManager/EventManager.csproj" />
  </Folder>
  <Folder Name="/src/SharedLibs/">
    <Project Path="SharedLibs/EventManager.DTOs/EventManager.DTOs.csproj" />
    <Project Path="SharedLibs/EventsManager.Failures/EventsManager.Failures.csproj" />
    <Project Path="SharedLibs/Shared/EventsManager.Shared.csproj" />
  </Folder>
  <Folder Name="/Tests/" />
  <Project Path="Tests/EventManager.Tests.Integration/EventManager.Tests.Integration.csproj" />
</Solution>
