<Solution>
  <Folder Name="/AutoTests/">
    <Project Path="Tests/EventManager.Tests.Abstractions/EventManager.Tests.Abstractions.csproj" Id="2aab76b8-ab04-485f-ad88-9ad79b4c953f" />
    <Project Path="Tests/EventManager.Tests.Integration/EventManager.Tests.Integration.csproj" />
    <Project Path="Tests/EventsManager.Tests.End2End/EventsManager.Tests.End2End.csproj" Id="bfa9d4f4-6fdb-4575-91ef-8b05e1ab2a00" />
    <Project Path="Tests/EventsManager.Tests.Unit/EventManager.Tests.Unit.csproj" />
  </Folder>
  <Folder Name="/Solution Items/">
    <File Path="../.gitignore" />
    <File Path="../docker-compose.yml" />
    <File Path="../README.md" />
  </Folder>
  <Folder Name="/src/">
    <Project Path="Application/EventsManager.Services/EventManager.Application.csproj" />
    <Project Path="Domain/EventManager.Domain/EventManager.Domain.csproj" />
    <Project Path="Infrastructure/EventManager.DataAccess.PostgreSQL/EventManager.Infrastructure.PostgreSQL.csproj" />
    <Project Path="Presentation/EventManager.API/EventManager.API.csproj" />
    <Project Path="Presentation/EventManager/EventManager.csproj" />
    <Project Path="SharedLibs/EventManager.DTOs/EventManager.DTOs.csproj" />
    <Project Path="SharedLibs/Shared/EventsManager.Shared.csproj" />
  </Folder>
  <Folder Name="/Tests/" />
</Solution>
